// !$*UTF8*$!
{
	archiveVersion = 1;
	classes = {
	};
	objectVersion = 42;
	objects = {

/* Begin PBXBuildFile section */
		09E9CFC20B097CC0009FABC4 /* address.c in Sources */ = {isa = PBXBuildFile; fileRef = 09E9CFB50B097CC0009FABC4 /* address.c */; };
		09E9CFC30B097CC0009FABC4 /* blob.c in Sources */ = {isa = PBXBuildFile; fileRef = 09E9CFB60B097CC0009FABC4 /* blob.c */; };
		09E9CFC40B097CC0009FABC4 /* bundle.c in Sources */ = {isa = PBXBuildFile; fileRef = 09E9CFB70B097CC0009FABC4 /* bundle.c */; };
		09E9CFC50B097CC0009FABC4 /* lo_types_internal.h in Headers */ = {isa = PBXBuildFile; fileRef = 09E9CFB80B097CC0009FABC4 /* lo_types_internal.h */; };
		09E9CFC60B097CC0009FABC4 /* message.c in Sources */ = {isa = PBXBuildFile; fileRef = 09E9CFB90B097CC0009FABC4 /* message.c */; };
		09E9CFC70B097CC0009FABC4 /* method.c in Sources */ = {isa = PBXBuildFile; fileRef = 09E9CFBA0B097CC0009FABC4 /* method.c */; };
		09E9CFC80B097CC0009FABC4 /* pattern_match.c in Sources */ = {isa = PBXBuildFile; fileRef = 09E9CFBB0B097CC0009FABC4 /* pattern_match.c */; };
		09E9CFC90B097CC0009FABC4 /* send.c in Sources */ = {isa = PBXBuildFile; fileRef = 09E9CFBC0B097CC0009FABC4 /* send.c */; };
		09E9CFCA0B097CC0009FABC4 /* server.c in Sources */ = {isa = PBXBuildFile; fileRef = 09E9CFBD0B097CC0009FABC4 /* server.c */; };
		09E9CFCB0B097CC0009FABC4 /* server_thread.c in Sources */ = {isa = PBXBuildFile; fileRef = 09E9CFBE0B097CC0009FABC4 /* server_thread.c */; };
		09E9CFCC0B097CC0009FABC4 /* subtest.c in Sources */ = {isa = PBXBuildFile; fileRef = 09E9CFBF0B097CC0009FABC4 /* subtest.c */; };
		09E9CFCD0B097CC0009FABC4 /* testlo.c in Sources */ = {isa = PBXBuildFile; fileRef = 09E9CFC00B097CC0009FABC4 /* testlo.c */; };
		09E9CFCE0B097CC0009FABC4 /* timetag.c in Sources */ = {isa = PBXBuildFile; fileRef = 09E9CFC10B097CC0009FABC4 /* timetag.c */; };
		09E9CFD80B097D35009FABC4 /* lo.h in Headers */ = {isa = PBXBuildFile; fileRef = 09E9CFD00B097D35009FABC4 /* lo.h */; };
		09E9CFD90B097D35009FABC4 /* lo_endian.h in Headers */ = {isa = PBXBuildFile; fileRef = 09E9CFD10B097D35009FABC4 /* lo_endian.h */; };
		09E9CFDA0B097D35009FABC4 /* lo_errors.h in Headers */ = {isa = PBXBuildFile; fileRef = 09E9CFD20B097D35009FABC4 /* lo_errors.h */; };
		09E9CFDB0B097D35009FABC4 /* lo_lowlevel.h in Headers */ = {isa = PBXBuildFile; fileRef = 09E9CFD30B097D35009FABC4 /* lo_lowlevel.h */; };
		09E9CFDC0B097D35009FABC4 /* lo_macros.h in Headers */ = {isa = PBXBuildFile; fileRef = 09E9CFD40B097D35009FABC4 /* lo_macros.h */; };
		09E9CFDD0B097D35009FABC4 /* lo_osc_types.h in Headers */ = {isa = PBXBuildFile; fileRef = 09E9CFD50B097D35009FABC4 /* lo_osc_types.h */; };
		09E9CFDE0B097D35009FABC4 /* lo_throw.h in Headers */ = {isa = PBXBuildFile; fileRef = 09E9CFD60B097D35009FABC4 /* lo_throw.h */; };
		09E9CFDF0B097D35009FABC4 /* lo_types.h in Headers */ = {isa = PBXBuildFile; fileRef = 09E9CFD70B097D35009FABC4 /* lo_types.h */; };
		09E9CFE10B097D46009FABC4 /* config.h in Headers */ = {isa = PBXBuildFile; fileRef = 09E9CFE00B097D46009FABC4 /* config.h */; };
/* End PBXBuildFile section */

/* Begin PBXBuildRule section */
		09E9D06D0B097EF4009FABC4 /* PBXBuildRule */ = {
			isa = PBXBuildRule;
			compilerSpec = com.apple.compilers.gcc;
			fileType = sourcecode.c;
			isEditable = 1;
			outputFiles = (
			);
		};
/* End PBXBuildRule section */

/* Begin PBXFileReference section */
		09E9CFB50B097CC0009FABC4 /* address.c */ = {isa = PBXFileReference; fileEncoding = 30; lastKnownFileType = sourcecode.c.c; path = address.c; sourceTree = "<group>"; };
		09E9CFB60B097CC0009FABC4 /* blob.c */ = {isa = PBXFileReference; fileEncoding = 30; lastKnownFileType = sourcecode.c.c; path = blob.c; sourceTree = "<group>"; };
		09E9CFB70B097CC0009FABC4 /* bundle.c */ = {isa = PBXFileReference; fileEncoding = 30; lastKnownFileType = sourcecode.c.c; path = bundle.c; sourceTree = "<group>"; };
		09E9CFB80B097CC0009FABC4 /* lo_types_internal.h */ = {isa = PBXFileReference; fileEncoding = 30; lastKnownFileType = sourcecode.c.h; path = lo_types_internal.h; sourceTree = "<group>"; };
		09E9CFB90B097CC0009FABC4 /* message.c */ = {isa = PBXFileReference; fileEncoding = 30; lastKnownFileType = sourcecode.c.c; path = message.c; sourceTree = "<group>"; };
		09E9CFBA0B097CC0009FABC4 /* method.c */ = {isa = PBXFileReference; fileEncoding = 30; lastKnownFileType = sourcecode.c.c; path = method.c; sourceTree = "<group>"; };
		09E9CFBB0B097CC0009FABC4 /* pattern_match.c */ = {isa = PBXFileReference; fileEncoding = 30; lastKnownFileType = sourcecode.c.c; path = pattern_match.c; sourceTree = "<group>"; };
		09E9CFBC0B097CC0009FABC4 /* send.c */ = {isa = PBXFileReference; fileEncoding = 30; lastKnownFileType = sourcecode.c.c; path = send.c; sourceTree = "<group>"; };
		09E9CFBD0B097CC0009FABC4 /* server.c */ = {isa = PBXFileReference; fileEncoding = 30; lastKnownFileType = sourcecode.c.c; path = server.c; sourceTree = "<group>"; };
		09E9CFBE0B097CC0009FABC4 /* server_thread.c */ = {isa = PBXFileReference; fileEncoding = 30; lastKnownFileType = sourcecode.c.c; path = server_thread.c; sourceTree = "<group>"; };
		09E9CFBF0B097CC0009FABC4 /* subtest.c */ = {isa = PBXFileReference; fileEncoding = 30; lastKnownFileType = sourcecode.c.c; path = subtest.c; sourceTree = "<group>"; };
		09E9CFC00B097CC0009FABC4 /* testlo.c */ = {isa = PBXFileReference; fileEncoding = 30; lastKnownFileType = sourcecode.c.c; path = testlo.c; sourceTree = "<group>"; };
		09E9CFC10B097CC0009FABC4 /* timetag.c */ = {isa = PBXFileReference; fileEncoding = 30; lastKnownFileType = sourcecode.c.c; path = timetag.c; sourceTree = "<group>"; };
		09E9CFD00B097D35009FABC4 /* lo.h */ = {isa = PBXFileReference; fileEncoding = 30; lastKnownFileType = sourcecode.c.h; path = lo.h; sourceTree = "<group>"; };
		09E9CFD10B097D35009FABC4 /* lo_endian.h */ = {isa = PBXFileReference; fileEncoding = 30; lastKnownFileType = sourcecode.c.h; path = lo_endian.h; sourceTree = "<group>"; };
		09E9CFD20B097D35009FABC4 /* lo_errors.h */ = {isa = PBXFileReference; fileEncoding = 30; lastKnownFileType = sourcecode.c.h; path = lo_errors.h; sourceTree = "<group>"; };
		09E9CFD30B097D35009FABC4 /* lo_lowlevel.h */ = {isa = PBXFileReference; fileEncoding = 30; lastKnownFileType = sourcecode.c.h; path = lo_lowlevel.h; sourceTree = "<group>"; };
		09E9CFD40B097D35009FABC4 /* lo_macros.h */ = {isa = PBXFileReference; fileEncoding = 30; lastKnownFileType = sourcecode.c.h; path = lo_macros.h; sourceTree = "<group>"; };
		09E9CFD50B097D35009FABC4 /* lo_osc_types.h */ = {isa = PBXFileReference; fileEncoding = 30; lastKnownFileType = sourcecode.c.h; path = lo_osc_types.h; sourceTree = "<group>"; };
		09E9CFD60B097D35009FABC4 /* lo_throw.h */ = {isa = PBXFileReference; fileEncoding = 30; lastKnownFileType = sourcecode.c.h; path = lo_throw.h; sourceTree = "<group>"; };
		09E9CFD70B097D35009FABC4 /* lo_types.h */ = {isa = PBXFileReference; fileEncoding = 30; lastKnownFileType = sourcecode.c.h; path = lo_types.h; sourceTree = "<group>"; };
		09E9CFE00B097D46009FABC4 /* config.h */ = {isa = PBXFileReference; fileEncoding = 30; lastKnownFileType = sourcecode.c.h; path = config.h; sourceTree = "<group>"; };
		D2AAC046055464E500DB518D /* liblo.a */ = {isa = PBXFileReference; explicitFileType = archive.ar; includeInIndex = 0; path = liblo.a; sourceTree = BUILT_PRODUCTS_DIR; };
/* End PBXFileReference section */

/* Begin PBXFrameworksBuildPhase section */
		D289987405E68DCB004EDB86 /* Frameworks */ = {
			isa = PBXFrameworksBuildPhase;
			buildActionMask = 2147483647;
			files = (
			);
			runOnlyForDeploymentPostprocessing = 0;
		};
/* End PBXFrameworksBuildPhase section */

/* Begin PBXGroup section */
		08FB7794FE84155DC02AAC07 /* lo */ = {
			isa = PBXGroup;
			children = (
				09E9CFE00B097D46009FABC4 /* config.h */,
				09E9CFCF0B097D35009FABC4 /* lo */,
				09E9CFA70B097CC0009FABC4 /* src */,
				08FB7795FE84155DC02AAC07 /* Source */,
				C6A0FF2B0290797F04C91782 /* Documentation */,
				1AB674ADFE9D54B511CA2CBB /* Products */,
			);
			name = lo;
			sourceTree = "<group>";
		};
		08FB7795FE84155DC02AAC07 /* Source */ = {
			isa = PBXGroup;
			children = (
			);
			name = Source;
			sourceTree = "<group>";
		};
		09E9CFA70B097CC0009FABC4 /* src */ = {
			isa = PBXGroup;
			children = (
				09E9CFA80B097CC0009FABC4 /* .deps */,
				09E9CFB50B097CC0009FABC4 /* address.c */,
				09E9CFB60B097CC0009FABC4 /* blob.c */,
				09E9CFB70B097CC0009FABC4 /* bundle.c */,
				09E9CFB80B097CC0009FABC4 /* lo_types_internal.h */,
				09E9CFB90B097CC0009FABC4 /* message.c */,
				09E9CFBA0B097CC0009FABC4 /* method.c */,
				09E9CFBB0B097CC0009FABC4 /* pattern_match.c */,
				09E9CFBC0B097CC0009FABC4 /* send.c */,
				09E9CFBD0B097CC0009FABC4 /* server.c */,
				09E9CFBE0B097CC0009FABC4 /* server_thread.c */,
				09E9CFBF0B097CC0009FABC4 /* subtest.c */,
				09E9CFC00B097CC0009FABC4 /* testlo.c */,
				09E9CFC10B097CC0009FABC4 /* timetag.c */,
			);
			path = src;
			sourceTree = "<group>";
		};
		09E9CFA80B097CC0009FABC4 /* .deps */ = {
			isa = PBXGroup;
			children = (
			);
			path = .deps;
			sourceTree = "<group>";
		};
		09E9CFCF0B097D35009FABC4 /* lo */ = {
			isa = PBXGroup;
			children = (
				09E9CFD00B097D35009FABC4 /* lo.h */,
				09E9CFD10B097D35009FABC4 /* lo_endian.h */,
				09E9CFD20B097D35009FABC4 /* lo_errors.h */,
				09E9CFD30B097D35009FABC4 /* lo_lowlevel.h */,
				09E9CFD40B097D35009FABC4 /* lo_macros.h */,
				09E9CFD50B097D35009FABC4 /* lo_osc_types.h */,
				09E9CFD60B097D35009FABC4 /* lo_throw.h */,
				09E9CFD70B097D35009FABC4 /* lo_types.h */,
			);
			path = lo;
			sourceTree = "<group>";
		};
		1AB674ADFE9D54B511CA2CBB /* Products */ = {
			isa = PBXGroup;
			children = (
				D2AAC046055464E500DB518D /* liblo.a */,
			);
			name = Products;
			sourceTree = "<group>";
		};
		C6A0FF2B0290797F04C91782 /* Documentation */ = {
			isa = PBXGroup;
			children = (
			);
			name = Documentation;
			sourceTree = "<group>";
		};
/* End PBXGroup section */

/* Begin PBXHeadersBuildPhase section */
		D2AAC043055464E500DB518D /* Headers */ = {
			isa = PBXHeadersBuildPhase;
			buildActionMask = 2147483647;
			files = (
				09E9CFC50B097CC0009FABC4 /* lo_types_internal.h in Headers */,
				09E9CFD80B097D35009FABC4 /* lo.h in Headers */,
				09E9CFD90B097D35009FABC4 /* lo_endian.h in Headers */,
				09E9CFDA0B097D35009FABC4 /* lo_errors.h in Headers */,
				09E9CFDB0B097D35009FABC4 /* lo_lowlevel.h in Headers */,
				09E9CFDC0B097D35009FABC4 /* lo_macros.h in Headers */,
				09E9CFDD0B097D35009FABC4 /* lo_osc_types.h in Headers */,
				09E9CFDE0B097D35009FABC4 /* lo_throw.h in Headers */,
				09E9CFDF0B097D35009FABC4 /* lo_types.h in Headers */,
				09E9CFE10B097D46009FABC4 /* config.h in Headers */,
			);
			runOnlyForDeploymentPostprocessing = 0;
		};
/* End PBXHeadersBuildPhase section */

/* Begin PBXNativeTarget section */
		D2AAC045055464E500DB518D /* lo */ = {
			isa = PBXNativeTarget;
			buildConfigurationList = 1DEB91EB08733DB70010E9CD /* Build configuration list for PBXNativeTarget "lo" */;
			buildPhases = (
				D2AAC043055464E500DB518D /* Headers */,
				D2AAC044055464E500DB518D /* Sources */,
				D289987405E68DCB004EDB86 /* Frameworks */,
			);
			buildRules = (
				09E9D06D0B097EF4009FABC4 /* PBXBuildRule */,
			);
			dependencies = (
			);
			name = lo;
			productName = lo;
			productReference = D2AAC046055464E500DB518D /* liblo.a */;
			productType = "com.apple.product-type.library.static";
		};
/* End PBXNativeTarget section */

/* Begin PBXProject section */
		08FB7793FE84155DC02AAC07 /* Project object */ = {
			isa = PBXProject;
			buildConfigurationList = 1DEB91EF08733DB70010E9CD /* Build configuration list for PBXProject "lo" */;
			hasScannedForEncodings = 1;
			mainGroup = 08FB7794FE84155DC02AAC07 /* lo */;
			projectDirPath = "";
			targets = (
				D2AAC045055464E500DB518D /* lo */,
			);
		};
/* End PBXProject section */

/* Begin PBXSourcesBuildPhase section */
		D2AAC044055464E500DB518D /* Sources */ = {
			isa = PBXSourcesBuildPhase;
			buildActionMask = 2147483647;
			files = (
				09E9CFC20B097CC0009FABC4 /* address.c in Sources */,
				09E9CFC30B097CC0009FABC4 /* blob.c in Sources */,
				09E9CFC40B097CC0009FABC4 /* bundle.c in Sources */,
				09E9CFC60B097CC0009FABC4 /* message.c in Sources */,
				09E9CFC70B097CC0009FABC4 /* method.c in Sources */,
				09E9CFC80B097CC0009FABC4 /* pattern_match.c in Sources */,
				09E9CFC90B097CC0009FABC4 /* send.c in Sources */,
				09E9CFCA0B097CC0009FABC4 /* server.c in Sources */,
				09E9CFCB0B097CC0009FABC4 /* server_thread.c in Sources */,
				09E9CFCC0B097CC0009FABC4 /* subtest.c in Sources */,
				09E9CFCD0B097CC0009FABC4 /* testlo.c in Sources */,
				09E9CFCE0B097CC0009FABC4 /* timetag.c in Sources */,
			);
			runOnlyForDeploymentPostprocessing = 0;
		};
/* End PBXSourcesBuildPhase section */

/* Begin XCBuildConfiguration section */
		1DEB91EC08733DB70010E9CD /* Debug */ = {
			isa = XCBuildConfiguration;
			buildSettings = {
				ARCHS = (
					ppc,
					i386,
				);
				COPY_PHASE_STRIP = NO;
				GCC_DYNAMIC_NO_PIC = NO;
				GCC_ENABLE_FIX_AND_CONTINUE = YES;
				GCC_MODEL_TUNING = G5;
				GCC_OPTIMIZATION_LEVEL = 0;
				INSTALL_PATH = /usr/local/lib;
				OTHER_CFLAGS = "-D$(arch)";
				PRODUCT_NAME = lo;
				ZERO_LINK = YES;
			};
			name = Debug;
		};
		1DEB91ED08733DB70010E9CD /* Release */ = {
			isa = XCBuildConfiguration;
			buildSettings = {
				ARCHS = (
					ppc,
					i386,
				);
				GCC_GENERATE_DEBUGGING_SYMBOLS = NO;
				GCC_MODEL_TUNING = G5;
				INSTALL_PATH = /usr/local/lib;
				PRODUCT_NAME = lo;
			};
			name = Release;
		};
		1DEB91F008733DB70010E9CD /* Debug */ = {
			isa = XCBuildConfiguration;
			buildSettings = {
				GCC_WARN_ABOUT_RETURN_TYPE = YES;
				GCC_WARN_UNUSED_VARIABLE = YES;
				PREBINDING = NO;
				SDKROOT = /Developer/SDKs/MacOSX10.4u.sdk;
			};
			name = Debug;
		};
		1DEB91F108733DB70010E9CD /* Release */ = {
			isa = XCBuildConfiguration;
			buildSettings = {
				GCC_WARN_ABOUT_RETURN_TYPE = YES;
				GCC_WARN_UNUSED_VARIABLE = YES;
				PREBINDING = NO;
				SDKROOT = /Developer/SDKs/MacOSX10.4u.sdk;
			};
			name = Release;
		};
/* End XCBuildConfiguration section */

/* Begin XCConfigurationList section */
		1DEB91EB08733DB70010E9CD /* Build configuration list for PBXNativeTarget "lo" */ = {
			isa = XCConfigurationList;
			buildConfigurations = (
				1DEB91EC08733DB70010E9CD /* Debug */,
				1DEB91ED08733DB70010E9CD /* Release */,
			);
			defaultConfigurationIsVisible = 0;
			defaultConfigurationName = Release;
		};
		1DEB91EF08733DB70010E9CD /* Build configuration list for PBXProject "lo" */ = {
			isa = XCConfigurationList;
			buildConfigurations = (
				1DEB91F008733DB70010E9CD /* Debug */,
				1DEB91F108733DB70010E9CD /* Release */,
			);
			defaultConfigurationIsVisible = 0;
			defaultConfigurationName = Release;
		};
/* End XCConfigurationList section */
	};
	rootObject = 08FB7793FE84155DC02AAC07 /* Project object */;
}
